github.com/google/uuid v1.6.0 h1:NIvaJDMOsjHA8n1jAhLSgzrAzy1Hgr+hNrb57e+94F0=
github.com/google/uuid v1.6.0/go.mod h1:TIyPZe4MgqvfeYDBFedMoGGpEw/LqOeaOT+nhxU+yHo=
github.com/rwtodd/Go.Epub3 v0.0.0-20251221201856-7aaebb8ad151 h1:YtGXTTtMvSDnAnBrggt2q9syv4hsErjAm3clZh9pgFg=
github.com/rwtodd/Go.Epub3 v0.0.0-20251221201856-7aaebb8ad151/go.mod h1:SzKWljAszfUzMe29POER7VWBm7fMC1JsjmASi0kDz+A=
