github.com/rwtodd/Go.Forth v0.0.0-20260218054701-3ecb55249844 h1:Se11IRI/UiQ3Vwza/LQpHd5j0PLg9+pW6gYIIiqm9aw=
github.com/rwtodd/Go.Forth v0.0.0-20260218054701-3ecb55249844/go.mod h1:idU7W/kilyGf4zxTXj7z6HZzeMh3QHiB+5UHy1fZPSg=
github.com/rwtodd/Go.Forth v0.0.0-20260308025412-5328bfc63f4a h1:l8lY81tUYMt3LgXa9t9Xj0TGoR6q7goLaU4LQFrWr/I=
github.com/rwtodd/Go.Forth v0.0.0-20260308025412-5328bfc63f4a/go.mod h1:idU7W/kilyGf4zxTXj7z6HZzeMh3QHiB+5UHy1fZPSg=
